
Microsoft Visual Studio Solution File, Format Version 12.00
# Visual Studio Version 16
VisualStudioVersion = 16.0.29806.167
MinimumVisualStudioVersion = 10.0.40219.1
Project("{FAE04EC0-301F-11D3-BF4B-00C04F79EFBC}") = "AppCalculadora.Android", "AppCalculadora\AppCalculadora.Android\AppCalculadora.Android.csproj", "{6164D986-EE30-4D63-957A-D2076F8506B9}"
EndProject
Project("{FAE04EC0-301F-11D3-BF4B-00C04F79EFBC}") = "AppCalculadora", "AppCalculadora\AppCalculadora\AppCalculadora.csproj", "{FCA03CA2-C361-4C8D-BF7A-C9CC2A0FD819}"
EndProject
Global
	GlobalSection(SolutionConfigurationPlatforms) = preSolution
		Debug|Any CPU = Debug|Any CPU
		Release|Any CPU = Release|Any CPU
	EndGlobalSection
	GlobalSection(ProjectConfigurationPlatforms) = postSolution
		{6164D986-EE30-4D63-957A-D2076F8506B9}.Debug|Any CPU.ActiveCfg = Debug|Any CPU
		{6164D986-EE30-4D63-957A-D2076F8506B9}.Debug|Any CPU.Build.0 = Debug|Any CPU
		{6164D986-EE30-4D63-957A-D2076F8506B9}.Debug|Any CPU.Deploy.0 = Debug|Any CPU
		{6164D986-EE30-4D63-957A-D2076F8506B9}.Release|Any CPU.ActiveCfg = Release|Any CPU
		{6164D986-EE30-4D63-957A-D2076F8506B9}.Release|Any CPU.Build.0 = Release|Any CPU
		{6164D986-EE30-4D63-957A-D2076F8506B9}.Release|Any CPU.Deploy.0 = Release|Any CPU
		{FCA03CA2-C361-4C8D-BF7A-C9CC2A0FD819}.Debug|Any CPU.ActiveCfg = Debug|Any CPU
		{FCA03CA2-C361-4C8D-BF7A-C9CC2A0FD819}.Debug|Any CPU.Build.0 = Debug|Any CPU
		{FCA03CA2-C361-4C8D-BF7A-C9CC2A0FD819}.Debug|Any CPU.Deploy.0 = Debug|Any CPU
		{FCA03CA2-C361-4C8D-BF7A-C9CC2A0FD819}.Release|Any CPU.ActiveCfg = Release|Any CPU
		{FCA03CA2-C361-4C8D-BF7A-C9CC2A0FD819}.Release|Any CPU.Build.0 = Release|Any CPU
		{FCA03CA2-C361-4C8D-BF7A-C9CC2A0FD819}.Release|Any CPU.Deploy.0 = Release|Any CPU
	EndGlobalSection
	GlobalSection(SolutionProperties) = preSolution
		HideSolutionNode = FALSE
	EndGlobalSection
	GlobalSection(ExtensibilityGlobals) = postSolution
		SolutionGuid = {F3BEBCED-644C-4C87-AED1-099F9BCF2AFE}
	EndGlobalSection
EndGlobal
